{
  "name": "@k2-packages/deck-gl",
  "version": "2.1.2",
  "lockfileVersion": 2,
  "requires": true,
  "packages": {
    "": {
      "name": "@k2-packages/deck-gl",
      "version": "2.1.2",
      "dependencies": {
        "@deck.gl/core": "^8.3.13",
        "@deck.gl/mapbox": "^8.3.13"
      },
      "devDependencies": {
        "tsc": "^2.0.3",
        "typescript": "^4.3.5"
      },
      "peerDependencies": {
        "react": "^16.13.0"
      }
    },
    "node_modules/@babel/runtime": {
      "version": "7.14.8",
      "resolved": "https://nexus.kontur.io/repository/npm-a/@babel/runtime/-/runtime-7.14.8.tgz",
      "integrity": "sha512-twj3L8Og5SaCRCErB4x4ajbvBIVV77CGeFglHpeg5WC5FF8TZzBWXtTJ4MqaD9QszLYTtr+IsaAL2rEUevb+eg==",
      "license": "MIT",
      "dependencies": {
        "regenerator-runtime": "^0.13.4"
      },
      "engines": {
        "node": ">=6.9.0"
      }
    },
    "node_modules/@deck.gl/core": {
      "version": "8.5.0",
      "resolved": "https://nexus.kontur.io/repository/npm-a/@deck.gl/core/-/core-8.5.0.tgz",
      "integrity": "sha512-A9bUl8Jj3z3Ufdbqx8rGHIZ9O0GvjEJqOWfp9FFCzW7kJ+TR3Xci/D6yyTxWhnEf2gVJ9NuvsY26Wr9xRktqSQ==",
      "license": "MIT",
      "dependencies": {
        "@loaders.gl/core": "^3.0.6",
        "@loaders.gl/images": "^3.0.6",
        "@luma.gl/core": "^8.5.4",
        "@math.gl/web-mercator": "^3.5.3",
        "gl-matrix": "^3.0.0",
        "math.gl": "^3.5.3",
        "mjolnir.js": "^2.5.0",
        "probe.gl": "^3.4.0"
      }
    },
    "node_modules/@deck.gl/mapbox": {
      "version": "8.5.0",
      "resolved": "https://nexus.kontur.io/repository/npm-a/@deck.gl/mapbox/-/mapbox-8.5.0.tgz",
      "integrity": "sha512-kh2eQ1IP9QywpBab2mnbcu4fsecMvBMZjF1Yuw0gsMpJbj0t08HUndZyVQOqb2gZ5N0365JT7QoPJm7lh/OA4A==",
      "license": "MIT",
      "peerDependencies": {
        "@deck.gl/core": "^8.0.0"
      }
    },
    "node_modules/@loaders.gl/core": {
      "version": "3.0.7",
      "resolved": "https://nexus.kontur.io/repository/npm-a/@loaders.gl/core/-/core-3.0.7.tgz",
      "integrity": "sha512-usxwIVr0tT0AlFtQ/Li9b7wLRMJ/zsMCzMYMjCJ7Tf0VKN+szC7pXfLjMs1bgOEuJOfWBbfHMXhrGXIe7xCt2g==",
      "license": "MIT",
      "dependencies": {
        "@babel/runtime": "^7.3.1",
        "@loaders.gl/loader-utils": "3.0.7",
        "@loaders.gl/worker-utils": "3.0.7",
        "probe.gl": "^3.4.0"
      }
    },
    "node_modules/@loaders.gl/images": {
      "version": "3.0.7",
      "resolved": "https://nexus.kontur.io/repository/npm-a/@loaders.gl/images/-/images-3.0.7.tgz",
      "integrity": "sha512-/H5EYkf2Ov8LhKaZEFDspPbJc8WsL7wUzELF+o6A0REzfgtJBrgdhBJ9RBNZj5CiaImd2/7DOdrsA/NoI3YYZQ==",
      "license": "MIT",
      "dependencies": {
        "@loaders.gl/loader-utils": "3.0.7"
      }
    },
    "node_modules/@loaders.gl/loader-utils": {
      "version": "3.0.7",
      "resolved": "https://nexus.kontur.io/repository/npm-a/@loaders.gl/loader-utils/-/loader-utils-3.0.7.tgz",
      "integrity": "sha512-nDuPW8GvYwSths9OUDadDiiCyZqv8mxXbTmSRltmhNvnNgbSZftowjj4mKb0Hl7aADfBhT5i/JxGwT9+f68nyg==",
      "license": "MIT",
      "dependencies": {
        "@babel/runtime": "^7.3.1",
        "@loaders.gl/worker-utils": "3.0.7",
        "@probe.gl/stats": "^3.4.0"
      }
    },
    "node_modules/@loaders.gl/worker-utils": {
      "version": "3.0.7",
      "resolved": "https://nexus.kontur.io/repository/npm-a/@loaders.gl/worker-utils/-/worker-utils-3.0.7.tgz",
      "integrity": "sha512-V8gxEo2ywXrYa5aI9szOgB051HUDahUk/NF3759B9cScBy0plXfzGI0d31T/S1A0RysbEKwXaAsUczSTrztz9w==",
      "license": "MIT",
      "dependencies": {
        "@babel/runtime": "^7.3.1"
      }
    },
    "node_modules/@luma.gl/constants": {
      "version": "8.5.4",
      "resolved": "https://nexus.kontur.io/repository/npm-a/@luma.gl/constants/-/constants-8.5.4.tgz",
      "integrity": "sha512-lrA4ja92om/gDHYOvM9itL5S7FVzjKulyknDz6S+Y7gmgHgXk2ln1Xar5zUCsLnhAYx4glHITXGH5Y5rdWgT1Q==",
      "license": "MIT"
    },
    "node_modules/@luma.gl/core": {
      "version": "8.5.4",
      "resolved": "https://nexus.kontur.io/repository/npm-a/@luma.gl/core/-/core-8.5.4.tgz",
      "integrity": "sha512-+saDz1D3mcPd53vgbG60ryg1w5CF9Z2wdakKHzR810VoJLw97t4aNdg/eNgyWOvbOHxaKJBPm8K0sGjej67+jw==",
      "license": "MIT",
      "dependencies": {
        "@babel/runtime": "^7.0.0",
        "@luma.gl/constants": "8.5.4",
        "@luma.gl/engine": "8.5.4",
        "@luma.gl/gltools": "8.5.4",
        "@luma.gl/shadertools": "8.5.4",
        "@luma.gl/webgl": "8.5.4"
      }
    },
    "node_modules/@luma.gl/engine": {
      "version": "8.5.4",
      "resolved": "https://nexus.kontur.io/repository/npm-a/@luma.gl/engine/-/engine-8.5.4.tgz",
      "integrity": "sha512-Sfv972IzvR9s9kKWugs67XQUh9jC0e/PpBrzvyGVnPU4XvFq42RZVF73pzEklVU6AlpR8Zg5CPtxGdhyOHtT7w==",
      "license": "MIT",
      "dependencies": {
        "@babel/runtime": "^7.0.0",
        "@luma.gl/constants": "8.5.4",
        "@luma.gl/gltools": "8.5.4",
        "@luma.gl/shadertools": "8.5.4",
        "@luma.gl/webgl": "8.5.4",
        "@math.gl/core": "^3.5.0",
        "probe.gl": "^3.4.0"
      }
    },
    "node_modules/@luma.gl/gltools": {
      "version": "8.5.4",
      "resolved": "https://nexus.kontur.io/repository/npm-a/@luma.gl/gltools/-/gltools-8.5.4.tgz",
      "integrity": "sha512-JotiPuymQz2Xc41AYlS2moJC/EHxU+OX/OMKi0+/MeOlEFLsdochgTA0I64j8yofLTXdeiGCneGtD1Ao8fk+bw==",
      "license": "MIT",
      "dependencies": {
        "@babel/runtime": "^7.0.0",
        "@luma.gl/constants": "8.5.4",
        "probe.gl": "^3.4.0"
      }
    },
    "node_modules/@luma.gl/shadertools": {
      "version": "8.5.4",
      "resolved": "https://nexus.kontur.io/repository/npm-a/@luma.gl/shadertools/-/shadertools-8.5.4.tgz",
      "integrity": "sha512-rwLBLrACi75aWnuJm8rVKCQnJR2sMTCxHuexfjHJ7Uecl0vVcVJZT7c9EnCFaz5LUTNbdupvuhq0SKNckKiKmw==",
      "license": "MIT",
      "dependencies": {
        "@babel/runtime": "^7.0.0",
        "@math.gl/core": "^3.5.0"
      }
    },
    "node_modules/@luma.gl/webgl": {
      "version": "8.5.4",
      "resolved": "https://nexus.kontur.io/repository/npm-a/@luma.gl/webgl/-/webgl-8.5.4.tgz",
      "integrity": "sha512-dWy4dhTbtvDO9zQBdx1Yb+DxNx/1JWV9rhhJxJUtTKbGZSX0RjkASTT6GBWMl5jrH1JYJefS1wswHmmPVXjK0Q==",
      "license": "MIT",
      "dependencies": {
        "@babel/runtime": "^7.0.0",
        "@luma.gl/constants": "8.5.4",
        "@luma.gl/gltools": "8.5.4",
        "probe.gl": "^3.4.0"
      }
    },
    "node_modules/@math.gl/core": {
      "version": "3.5.3",
      "resolved": "https://nexus.kontur.io/repository/npm-a/@math.gl/core/-/core-3.5.3.tgz",
      "integrity": "sha512-TaSnvG0qFh1VxeNW5L58jSx0nJUMWMpUl6zo6Z3ScQzFySG5cicGOBzk/D40RkIZWPazCKCZ+ZThg5npSK9y3g==",
      "license": "MIT",
      "dependencies": {
        "@babel/runtime": "^7.12.0",
        "gl-matrix": "^3.0.0"
      }
    },
    "node_modules/@math.gl/web-mercator": {
      "version": "3.5.3",
      "resolved": "https://nexus.kontur.io/repository/npm-a/@math.gl/web-mercator/-/web-mercator-3.5.3.tgz",
      "integrity": "sha512-WZE9ALeTS4n3HDgkqTxcNLBU7DL0mjmPXSrcqSZIUeDY00+LCtNvMQWUAwqolpB7nD71vD6HLW8delzVuy4teA==",
      "license": "MIT",
      "dependencies": {
        "@babel/runtime": "^7.12.0",
        "gl-matrix": "^3.0.0"
      }
    },
    "node_modules/@probe.gl/stats": {
      "version": "3.4.0",
      "resolved": "https://nexus.kontur.io/repository/npm-a/@probe.gl/stats/-/stats-3.4.0.tgz",
      "integrity": "sha512-Gl37r9qGuiKadIvTZdSZvzCNOttJYw6RcY1oT0oDuB8r2uhuZAdSMQRQTy9FTinp6MY6O9wngGnV6EpQ8wSBAw==",
      "license": "MIT",
      "dependencies": {
        "@babel/runtime": "^7.0.0"
      }
    },
    "node_modules/gl-matrix": {
      "version": "3.3.0",
      "resolved": "https://nexus.kontur.io/repository/npm-a/gl-matrix/-/gl-matrix-3.3.0.tgz",
      "integrity": "sha512-COb7LDz+SXaHtl/h4LeaFcNdJdAQSDeVqjiIihSXNrkWObZLhDI4hIkZC11Aeqp7bcE72clzB0BnDXr2SmslRA==",
      "license": "MIT"
    },
    "node_modules/hammerjs": {
      "version": "2.0.8",
      "resolved": "https://nexus.kontur.io/repository/npm-a/hammerjs/-/hammerjs-2.0.8.tgz",
      "integrity": "sha1-BO93hiz/K7edMPdpIJWTAiK/YPE=",
      "license": "MIT",
      "engines": {
        "node": ">=0.8.0"
      }
    },
    "node_modules/js-tokens": {
      "version": "4.0.0",
      "resolved": "https://nexus.kontur.io/repository/npm-a/js-tokens/-/js-tokens-4.0.0.tgz",
      "integrity": "sha512-RdJUflcE3cUzKiMqQgsCu06FPu9UdIJO0beYbPhHN4k6apgJtifcoCtT9bcxOpYBtpD2kCM6Sbzg4CausW/PKQ==",
      "license": "MIT",
      "peer": true
    },
    "node_modules/loose-envify": {
      "version": "1.4.0",
      "resolved": "https://nexus.kontur.io/repository/npm-a/loose-envify/-/loose-envify-1.4.0.tgz",
      "integrity": "sha512-lyuxPGr/Wfhrlem2CL/UcnUc1zcqKAImBDzukY7Y5F/yQiNdko6+fRLevlw1HgMySw7f611UIY408EtxRSoK3Q==",
      "license": "MIT",
      "peer": true,
      "dependencies": {
        "js-tokens": "^3.0.0 || ^4.0.0"
      },
      "bin": {
        "loose-envify": "cli.js"
      }
    },
    "node_modules/math.gl": {
      "version": "3.5.3",
      "resolved": "https://nexus.kontur.io/repository/npm-a/math.gl/-/math.gl-3.5.3.tgz",
      "integrity": "sha512-cRQRZlc+XvNHd3bIfu3kdPPPAW0vwDelZJmkjn2TDvCyPcmyDtAiZ2Poo1aFoINP7HzN6oHYxapc/0wV3q6Opg==",
      "license": "MIT",
      "dependencies": {
        "@math.gl/core": "3.5.3"
      }
    },
    "node_modules/mjolnir.js": {
      "version": "2.6.0",
      "resolved": "https://nexus.kontur.io/repository/npm-a/mjolnir.js/-/mjolnir.js-2.6.0.tgz",
      "integrity": "sha512-rGA7+BJKvXI0ypxQD/+rQE/sW26kmc8UIZWhmQrjhwCf/zvhbcBlsu2vPB6w0Kv/rVnVFEONTSQqC0vFEpQvIA==",
      "license": "MIT",
      "dependencies": {
        "@babel/runtime": "^7.0.0",
        "hammerjs": "^2.0.8"
      },
      "engines": {
        "node": ">= 4",
        "npm": ">= 3"
      }
    },
    "node_modules/object-assign": {
      "version": "4.1.1",
      "resolved": "https://nexus.kontur.io/repository/npm-a/object-assign/-/object-assign-4.1.1.tgz",
      "integrity": "sha1-IQmtx5ZYh8/AXLvUQsrIv7s2CGM=",
      "license": "MIT",
      "peer": true,
      "engines": {
        "node": ">=0.10.0"
      }
    },
    "node_modules/probe.gl": {
      "version": "3.4.0",
      "resolved": "https://nexus.kontur.io/repository/npm-a/probe.gl/-/probe.gl-3.4.0.tgz",
      "integrity": "sha512-9CLByZATuhuG/Viq3ckfWU+dAhb7dMmjzsyCy4s7ds9ueTejcVRENxL197/XacOK/AN61YrEERB0QnouB0Qc0Q==",
      "license": "MIT",
      "dependencies": {
        "@babel/runtime": "^7.0.0",
        "@probe.gl/stats": "3.4.0"
      }
    },
    "node_modules/prop-types": {
      "version": "15.7.2",
      "resolved": "https://nexus.kontur.io/repository/npm-a/prop-types/-/prop-types-15.7.2.tgz",
      "integrity": "sha512-8QQikdH7//R2vurIJSutZ1smHYTcLpRWEOlHnzcWHmBYrOGUysKwSsrC89BCiFj3CbrfJ/nXFdJepOVrY1GCHQ==",
      "license": "MIT",
      "peer": true,
      "dependencies": {
        "loose-envify": "^1.4.0",
        "object-assign": "^4.1.1",
        "react-is": "^16.8.1"
      }
    },
    "node_modules/react": {
      "version": "16.14.0",
      "resolved": "https://nexus.kontur.io/repository/npm-a/react/-/react-16.14.0.tgz",
      "integrity": "sha512-0X2CImDkJGApiAlcf0ODKIneSwBPhqJawOa5wCtKbu7ZECrmS26NvtSILynQ66cgkT/RJ4LidJOc3bUESwmU8g==",
      "license": "MIT",
      "peer": true,
      "dependencies": {
        "loose-envify": "^1.1.0",
        "object-assign": "^4.1.1",
        "prop-types": "^15.6.2"
      },
      "engines": {
        "node": ">=0.10.0"
      }
    },
    "node_modules/react-is": {
      "version": "16.13.1",
      "resolved": "https://nexus.kontur.io/repository/npm-a/react-is/-/react-is-16.13.1.tgz",
      "integrity": "sha512-24e6ynE2H+OKt4kqsOvNd8kBpV65zoxbA4BVsEOB3ARVWQki/DHzaUoC5KuON/BiccDaCCTZBuOcfZs70kR8bQ==",
      "license": "MIT",
      "peer": true
    },
    "node_modules/regenerator-runtime": {
      "version": "0.13.9",
      "resolved": "https://nexus.kontur.io/repository/npm-a/regenerator-runtime/-/regenerator-runtime-0.13.9.tgz",
      "integrity": "sha512-p3VT+cOEgxFsRRA9X4lkI1E+k2/CtnKtU4gcxyaCUreilL/vqI6CdZ3wxVUx3UOUg+gnUOQQcRI7BmSI656MYA==",
      "license": "MIT"
    },
    "node_modules/tsc": {
      "version": "2.0.3",
      "resolved": "https://nexus.kontur.io/repository/npm-a/tsc/-/tsc-2.0.3.tgz",
      "integrity": "sha512-SN+9zBUtrpUcOpaUO7GjkEHgWtf22c7FKbKCA4e858eEM7Qz86rRDpgOU2lBIDf0fLCsEg65ms899UMUIB2+Ow==",
      "dev": true,
      "license": "MIT",
      "bin": {
        "tsc": "bin/tsc"
      }
    },
    "node_modules/typescript": {
      "version": "4.3.5",
      "resolved": "https://nexus.kontur.io/repository/npm-a/typescript/-/typescript-4.3.5.tgz",
      "integrity": "sha512-DqQgihaQ9cUrskJo9kIyW/+g0Vxsk8cDtZ52a3NGh0YNTfpUSArXSohyUGnvbPazEPLu398C0UxmKSOrPumUzA==",
      "dev": true,
      "license": "Apache-2.0",
      "bin": {
        "tsc": "bin/tsc",
        "tsserver": "bin/tsserver"
      },
      "engines": {
        "node": ">=4.2.0"
      }
    }
  },
  "dependencies": {
    "@babel/runtime": {
      "version": "7.14.8",
      "resolved": "https://nexus.kontur.io/repository/npm-a/@babel/runtime/-/runtime-7.14.8.tgz",
      "integrity": "sha512-twj3L8Og5SaCRCErB4x4ajbvBIVV77CGeFglHpeg5WC5FF8TZzBWXtTJ4MqaD9QszLYTtr+IsaAL2rEUevb+eg==",
      "requires": {
        "regenerator-runtime": "^0.13.4"
      }
    },
    "@deck.gl/core": {
      "version": "8.5.0",
      "resolved": "https://nexus.kontur.io/repository/npm-a/@deck.gl/core/-/core-8.5.0.tgz",
      "integrity": "sha512-A9bUl8Jj3z3Ufdbqx8rGHIZ9O0GvjEJqOWfp9FFCzW7kJ+TR3Xci/D6yyTxWhnEf2gVJ9NuvsY26Wr9xRktqSQ==",
      "requires": {
        "@loaders.gl/core": "^3.0.6",
        "@loaders.gl/images": "^3.0.6",
        "@luma.gl/core": "^8.5.4",
        "@math.gl/web-mercator": "^3.5.3",
        "gl-matrix": "^3.0.0",
        "math.gl": "^3.5.3",
        "mjolnir.js": "^2.5.0",
        "probe.gl": "^3.4.0"
      }
    },
    "@deck.gl/mapbox": {
      "version": "8.5.0",
      "resolved": "https://nexus.kontur.io/repository/npm-a/@deck.gl/mapbox/-/mapbox-8.5.0.tgz",
      "integrity": "sha512-kh2eQ1IP9QywpBab2mnbcu4fsecMvBMZjF1Yuw0gsMpJbj0t08HUndZyVQOqb2gZ5N0365JT7QoPJm7lh/OA4A==",
      "requires": {}
    },
    "@loaders.gl/core": {
      "version": "3.0.7",
      "resolved": "https://nexus.kontur.io/repository/npm-a/@loaders.gl/core/-/core-3.0.7.tgz",
      "integrity": "sha512-usxwIVr0tT0AlFtQ/Li9b7wLRMJ/zsMCzMYMjCJ7Tf0VKN+szC7pXfLjMs1bgOEuJOfWBbfHMXhrGXIe7xCt2g==",
      "requires": {
        "@babel/runtime": "^7.3.1",
        "@loaders.gl/loader-utils": "3.0.7",
        "@loaders.gl/worker-utils": "3.0.7",
        "probe.gl": "^3.4.0"
      }
    },
    "@loaders.gl/images": {
      "version": "3.0.7",
      "resolved": "https://nexus.kontur.io/repository/npm-a/@loaders.gl/images/-/images-3.0.7.tgz",
      "integrity": "sha512-/H5EYkf2Ov8LhKaZEFDspPbJc8WsL7wUzELF+o6A0REzfgtJBrgdhBJ9RBNZj5CiaImd2/7DOdrsA/NoI3YYZQ==",
      "requires": {
        "@loaders.gl/loader-utils": "3.0.7"
      }
    },
    "@loaders.gl/loader-utils": {
      "version": "3.0.7",
      "resolved": "https://nexus.kontur.io/repository/npm-a/@loaders.gl/loader-utils/-/loader-utils-3.0.7.tgz",
      "integrity": "sha512-nDuPW8GvYwSths9OUDadDiiCyZqv8mxXbTmSRltmhNvnNgbSZftowjj4mKb0Hl7aADfBhT5i/JxGwT9+f68nyg==",
      "requires": {
        "@babel/runtime": "^7.3.1",
        "@loaders.gl/worker-utils": "3.0.7",
        "@probe.gl/stats": "^3.4.0"
      }
    },
    "@loaders.gl/worker-utils": {
      "version": "3.0.7",
      "resolved": "https://nexus.kontur.io/repository/npm-a/@loaders.gl/worker-utils/-/worker-utils-3.0.7.tgz",
      "integrity": "sha512-V8gxEo2ywXrYa5aI9szOgB051HUDahUk/NF3759B9cScBy0plXfzGI0d31T/S1A0RysbEKwXaAsUczSTrztz9w==",
      "requires": {
        "@babel/runtime": "^7.3.1"
      }
    },
    "@luma.gl/constants": {
      "version": "8.5.4",
      "resolved": "https://nexus.kontur.io/repository/npm-a/@luma.gl/constants/-/constants-8.5.4.tgz",
      "integrity": "sha512-lrA4ja92om/gDHYOvM9itL5S7FVzjKulyknDz6S+Y7gmgHgXk2ln1Xar5zUCsLnhAYx4glHITXGH5Y5rdWgT1Q=="
    },
    "@luma.gl/core": {
      "version": "8.5.4",
      "resolved": "https://nexus.kontur.io/repository/npm-a/@luma.gl/core/-/core-8.5.4.tgz",
      "integrity": "sha512-+saDz1D3mcPd53vgbG60ryg1w5CF9Z2wdakKHzR810VoJLw97t4aNdg/eNgyWOvbOHxaKJBPm8K0sGjej67+jw==",
      "requires": {
        "@babel/runtime": "^7.0.0",
        "@luma.gl/constants": "8.5.4",
        "@luma.gl/engine": "8.5.4",
        "@luma.gl/gltools": "8.5.4",
        "@luma.gl/shadertools": "8.5.4",
        "@luma.gl/webgl": "8.5.4"
      }
    },
    "@luma.gl/engine": {
      "version": "8.5.4",
      "resolved": "https://nexus.kontur.io/repository/npm-a/@luma.gl/engine/-/engine-8.5.4.tgz",
      "integrity": "sha512-Sfv972IzvR9s9kKWugs67XQUh9jC0e/PpBrzvyGVnPU4XvFq42RZVF73pzEklVU6AlpR8Zg5CPtxGdhyOHtT7w==",
      "requires": {
        "@babel/runtime": "^7.0.0",
        "@luma.gl/constants": "8.5.4",
        "@luma.gl/gltools": "8.5.4",
        "@luma.gl/shadertools": "8.5.4",
        "@luma.gl/webgl": "8.5.4",
        "@math.gl/core": "^3.5.0",
        "probe.gl": "^3.4.0"
      }
    },
    "@luma.gl/gltools": {
      "version": "8.5.4",
      "resolved": "https://nexus.kontur.io/repository/npm-a/@luma.gl/gltools/-/gltools-8.5.4.tgz",
      "integrity": "sha512-JotiPuymQz2Xc41AYlS2moJC/EHxU+OX/OMKi0+/MeOlEFLsdochgTA0I64j8yofLTXdeiGCneGtD1Ao8fk+bw==",
      "requires": {
        "@babel/runtime": "^7.0.0",
        "@luma.gl/constants": "8.5.4",
        "probe.gl": "^3.4.0"
      }
    },
    "@luma.gl/shadertools": {
      "version": "8.5.4",
      "resolved": "https://nexus.kontur.io/repository/npm-a/@luma.gl/shadertools/-/shadertools-8.5.4.tgz",
      "integrity": "sha512-rwLBLrACi75aWnuJm8rVKCQnJR2sMTCxHuexfjHJ7Uecl0vVcVJZT7c9EnCFaz5LUTNbdupvuhq0SKNckKiKmw==",
      "requires": {
        "@babel/runtime": "^7.0.0",
        "@math.gl/core": "^3.5.0"
      }
    },
    "@luma.gl/webgl": {
      "version": "8.5.4",
      "resolved": "https://nexus.kontur.io/repository/npm-a/@luma.gl/webgl/-/webgl-8.5.4.tgz",
      "integrity": "sha512-dWy4dhTbtvDO9zQBdx1Yb+DxNx/1JWV9rhhJxJUtTKbGZSX0RjkASTT6GBWMl5jrH1JYJefS1wswHmmPVXjK0Q==",
      "requires": {
        "@babel/runtime": "^7.0.0",
        "@luma.gl/constants": "8.5.4",
        "@luma.gl/gltools": "8.5.4",
        "probe.gl": "^3.4.0"
      }
    },
    "@math.gl/core": {
      "version": "3.5.3",
      "resolved": "https://nexus.kontur.io/repository/npm-a/@math.gl/core/-/core-3.5.3.tgz",
      "integrity": "sha512-TaSnvG0qFh1VxeNW5L58jSx0nJUMWMpUl6zo6Z3ScQzFySG5cicGOBzk/D40RkIZWPazCKCZ+ZThg5npSK9y3g==",
      "requires": {
        "@babel/runtime": "^7.12.0",
        "gl-matrix": "^3.0.0"
      }
    },
    "@math.gl/web-mercator": {
      "version": "3.5.3",
      "resolved": "https://nexus.kontur.io/repository/npm-a/@math.gl/web-mercator/-/web-mercator-3.5.3.tgz",
      "integrity": "sha512-WZE9ALeTS4n3HDgkqTxcNLBU7DL0mjmPXSrcqSZIUeDY00+LCtNvMQWUAwqolpB7nD71vD6HLW8delzVuy4teA==",
      "requires": {
        "@babel/runtime": "^7.12.0",
        "gl-matrix": "^3.0.0"
      }
    },
    "@probe.gl/stats": {
      "version": "3.4.0",
      "resolved": "https://nexus.kontur.io/repository/npm-a/@probe.gl/stats/-/stats-3.4.0.tgz",
      "integrity": "sha512-Gl37r9qGuiKadIvTZdSZvzCNOttJYw6RcY1oT0oDuB8r2uhuZAdSMQRQTy9FTinp6MY6O9wngGnV6EpQ8wSBAw==",
      "requires": {
        "@babel/runtime": "^7.0.0"
      }
    },
    "gl-matrix": {
      "version": "3.3.0",
      "resolved": "https://nexus.kontur.io/repository/npm-a/gl-matrix/-/gl-matrix-3.3.0.tgz",
      "integrity": "sha512-COb7LDz+SXaHtl/h4LeaFcNdJdAQSDeVqjiIihSXNrkWObZLhDI4hIkZC11Aeqp7bcE72clzB0BnDXr2SmslRA=="
    },
    "hammerjs": {
      "version": "2.0.8",
      "resolved": "https://nexus.kontur.io/repository/npm-a/hammerjs/-/hammerjs-2.0.8.tgz",
      "integrity": "sha1-BO93hiz/K7edMPdpIJWTAiK/YPE="
    },
    "js-tokens": {
      "version": "4.0.0",
      "resolved": "https://nexus.kontur.io/repository/npm-a/js-tokens/-/js-tokens-4.0.0.tgz",
      "integrity": "sha512-RdJUflcE3cUzKiMqQgsCu06FPu9UdIJO0beYbPhHN4k6apgJtifcoCtT9bcxOpYBtpD2kCM6Sbzg4CausW/PKQ==",
      "peer": true
    },
    "loose-envify": {
      "version": "1.4.0",
      "resolved": "https://nexus.kontur.io/repository/npm-a/loose-envify/-/loose-envify-1.4.0.tgz",
      "integrity": "sha512-lyuxPGr/Wfhrlem2CL/UcnUc1zcqKAImBDzukY7Y5F/yQiNdko6+fRLevlw1HgMySw7f611UIY408EtxRSoK3Q==",
      "peer": true,
      "requires": {
        "js-tokens": "^3.0.0 || ^4.0.0"
      }
    },
    "math.gl": {
      "version": "3.5.3",
      "resolved": "https://nexus.kontur.io/repository/npm-a/math.gl/-/math.gl-3.5.3.tgz",
      "integrity": "sha512-cRQRZlc+XvNHd3bIfu3kdPPPAW0vwDelZJmkjn2TDvCyPcmyDtAiZ2Poo1aFoINP7HzN6oHYxapc/0wV3q6Opg==",
      "requires": {
        "@math.gl/core": "3.5.3"
      }
    },
    "mjolnir.js": {
      "version": "2.6.0",
      "resolved": "https://nexus.kontur.io/repository/npm-a/mjolnir.js/-/mjolnir.js-2.6.0.tgz",
      "integrity": "sha512-rGA7+BJKvXI0ypxQD/+rQE/sW26kmc8UIZWhmQrjhwCf/zvhbcBlsu2vPB6w0Kv/rVnVFEONTSQqC0vFEpQvIA==",
      "requires": {
        "@babel/runtime": "^7.0.0",
        "hammerjs": "^2.0.8"
      }
    },
    "object-assign": {
      "version": "4.1.1",
      "resolved": "https://nexus.kontur.io/repository/npm-a/object-assign/-/object-assign-4.1.1.tgz",
      "integrity": "sha1-IQmtx5ZYh8/AXLvUQsrIv7s2CGM=",
      "peer": true
    },
    "probe.gl": {
      "version": "3.4.0",
      "resolved": "https://nexus.kontur.io/repository/npm-a/probe.gl/-/probe.gl-3.4.0.tgz",
      "integrity": "sha512-9CLByZATuhuG/Viq3ckfWU+dAhb7dMmjzsyCy4s7ds9ueTejcVRENxL197/XacOK/AN61YrEERB0QnouB0Qc0Q==",
      "requires": {
        "@babel/runtime": "^7.0.0",
        "@probe.gl/stats": "3.4.0"
      }
    },
    "prop-types": {
      "version": "15.7.2",
      "resolved": "https://nexus.kontur.io/repository/npm-a/prop-types/-/prop-types-15.7.2.tgz",
      "integrity": "sha512-8QQikdH7//R2vurIJSutZ1smHYTcLpRWEOlHnzcWHmBYrOGUysKwSsrC89BCiFj3CbrfJ/nXFdJepOVrY1GCHQ==",
      "peer": true,
      "requires": {
        "loose-envify": "^1.4.0",
        "object-assign": "^4.1.1",
        "react-is": "^16.8.1"
      }
    },
    "react": {
      "version": "16.14.0",
      "resolved": "https://nexus.kontur.io/repository/npm-a/react/-/react-16.14.0.tgz",
      "integrity": "sha512-0X2CImDkJGApiAlcf0ODKIneSwBPhqJawOa5wCtKbu7ZECrmS26NvtSILynQ66cgkT/RJ4LidJOc3bUESwmU8g==",
      "peer": true,
      "requires": {
        "loose-envify": "^1.1.0",
        "object-assign": "^4.1.1",
        "prop-types": "^15.6.2"
      }
    },
    "react-is": {
      "version": "16.13.1",
      "resolved": "https://nexus.kontur.io/repository/npm-a/react-is/-/react-is-16.13.1.tgz",
      "integrity": "sha512-24e6ynE2H+OKt4kqsOvNd8kBpV65zoxbA4BVsEOB3ARVWQki/DHzaUoC5KuON/BiccDaCCTZBuOcfZs70kR8bQ==",
      "peer": true
    },
    "regenerator-runtime": {
      "version": "0.13.9",
      "resolved": "https://nexus.kontur.io/repository/npm-a/regenerator-runtime/-/regenerator-runtime-0.13.9.tgz",
      "integrity": "sha512-p3VT+cOEgxFsRRA9X4lkI1E+k2/CtnKtU4gcxyaCUreilL/vqI6CdZ3wxVUx3UOUg+gnUOQQcRI7BmSI656MYA=="
    },
    "tsc": {
      "version": "2.0.3",
      "resolved": "https://nexus.kontur.io/repository/npm-a/tsc/-/tsc-2.0.3.tgz",
      "integrity": "sha512-SN+9zBUtrpUcOpaUO7GjkEHgWtf22c7FKbKCA4e858eEM7Qz86rRDpgOU2lBIDf0fLCsEg65ms899UMUIB2+Ow==",
      "dev": true
    },
    "typescript": {
      "version": "4.3.5",
      "resolved": "https://nexus.kontur.io/repository/npm-a/typescript/-/typescript-4.3.5.tgz",
      "integrity": "sha512-DqQgihaQ9cUrskJo9kIyW/+g0Vxsk8cDtZ52a3NGh0YNTfpUSArXSohyUGnvbPazEPLu398C0UxmKSOrPumUzA==",
      "dev": true
    }
  }
}
